
Microsoft Visual Studio Solution File, Format Version 12.00
# Visual Studio 2012
Project("{FAE04EC0-301F-11D3-BF4B-00C04F79EFBC}") = "Plant-Evolution.CSharp.Plugins", "Plant-Evolution.CSharp.Plugins.csproj", "{7FCA1A52-1A05-FFA8-A175-CB2F2D8C845B}"
EndProject
Project("{FAE04EC0-301F-11D3-BF4B-00C04F79EFBC}") = "Plant-Evolution.CSharp", "Plant-Evolution.CSharp.csproj", "{D977031F-A2DB-D000-58E2-673B78689CF6}"
EndProject
Project("{FAE04EC0-301F-11D3-BF4B-00C04F79EFBC}") = "Plant-Evolution.CSharp.Editor.Plugins", "Plant-Evolution.CSharp.Editor.Plugins.csproj", "{F4E05B67-9F64-997C-683A-466FF2A3EBE3}"
EndProject
Project("{FAE04EC0-301F-11D3-BF4B-00C04F79EFBC}") = "Plant-Evolution.CSharp.Editor", "Plant-Evolution.CSharp.Editor.csproj", "{C7A29EC0-DB00-953E-BE8B-AF0B435A0733}"
EndProject
Global
	GlobalSection(SolutionConfigurationPlatforms) = preSolution
		Debug|Any CPU = Debug|Any CPU
		Release|Any CPU = Release|Any CPU
	EndGlobalSection
	GlobalSection(ProjectConfigurationPlatforms) = postSolution
		{7FCA1A52-1A05-FFA8-A175-CB2F2D8C845B}.Debug|Any CPU.ActiveCfg = Debug|Any CPU
		{7FCA1A52-1A05-FFA8-A175-CB2F2D8C845B}.Debug|Any CPU.Build.0 = Debug|Any CPU
		{7FCA1A52-1A05-FFA8-A175-CB2F2D8C845B}.Release|Any CPU.ActiveCfg = Release|Any CPU
		{7FCA1A52-1A05-FFA8-A175-CB2F2D8C845B}.Release|Any CPU.Build.0 = Release|Any CPU
		{D977031F-A2DB-D000-58E2-673B78689CF6}.Debug|Any CPU.ActiveCfg = Debug|Any CPU
		{D977031F-A2DB-D000-58E2-673B78689CF6}.Debug|Any CPU.Build.0 = Debug|Any CPU
		{D977031F-A2DB-D000-58E2-673B78689CF6}.Release|Any CPU.ActiveCfg = Release|Any CPU
		{D977031F-A2DB-D000-58E2-673B78689CF6}.Release|Any CPU.Build.0 = Release|Any CPU
		{F4E05B67-9F64-997C-683A-466FF2A3EBE3}.Debug|Any CPU.ActiveCfg = Debug|Any CPU
		{F4E05B67-9F64-997C-683A-466FF2A3EBE3}.Debug|Any CPU.Build.0 = Debug|Any CPU
		{F4E05B67-9F64-997C-683A-466FF2A3EBE3}.Release|Any CPU.ActiveCfg = Release|Any CPU
		{F4E05B67-9F64-997C-683A-466FF2A3EBE3}.Release|Any CPU.Build.0 = Release|Any CPU
		{C7A29EC0-DB00-953E-BE8B-AF0B435A0733}.Debug|Any CPU.ActiveCfg = Debug|Any CPU
		{C7A29EC0-DB00-953E-BE8B-AF0B435A0733}.Debug|Any CPU.Build.0 = Debug|Any CPU
		{C7A29EC0-DB00-953E-BE8B-AF0B435A0733}.Release|Any CPU.ActiveCfg = Release|Any CPU
		{C7A29EC0-DB00-953E-BE8B-AF0B435A0733}.Release|Any CPU.Build.0 = Release|Any CPU
	EndGlobalSection
	GlobalSection(SolutionProperties) = preSolution
		HideSolutionNode = FALSE
	EndGlobalSection
EndGlobal
